// !$*UTF8*$!
{
	archiveVersion = 1;
	classes = {
	};
	objectVersion = 46;
	objects = {

/* Begin PBXBuildFile section */
		373E6BC51B1E9CA700DBD2A2 /* main.m in Sources */ = {isa = PBXBuildFile; fileRef = 373E6BC41B1E9CA700DBD2A2 /* main.m */; };
		373E6BC81B1E9CA700DBD2A2 /* AppDelegate.m in Sources */ = {isa = PBXBuildFile; fileRef = 373E6BC71B1E9CA700DBD2A2 /* AppDelegate.m */; };
		373E6BCB1B1E9CA700DBD2A2 /* ViewController.m in Sources */ = {isa = PBXBuildFile; fileRef = 373E6BCA1B1E9CA700DBD2A2 /* ViewController.m */; };
		373E6BCE1B1E9CA800DBD2A2 /* Main.storyboard in Resources */ = {isa = PBXBuildFile; fileRef = 373E6BCC1B1E9CA700DBD2A2 /* Main.storyboard */; };
		373E6BD01B1E9CA800DBD2A2 /* Images.xcassets in Resources */ = {isa = PBXBuildFile; fileRef = 373E6BCF1B1E9CA800DBD2A2 /* Images.xcassets */; };
		373E6BD31B1E9CA800DBD2A2 /* LaunchScreen.xib in Resources */ = {isa = PBXBuildFile; fileRef = 373E6BD11B1E9CA800DBD2A2 /* LaunchScreen.xib */; };
		373E6BDF1B1E9CA800DBD2A2 /* IMAGE_ANIMATIONTests.m in Sources */ = {isa = PBXBuildFile; fileRef = 373E6BDE1B1E9CA800DBD2A2 /* IMAGE_ANIMATIONTests.m */; };
/* End PBXBuildFile section */

/* Begin PBXContainerItemProxy section */
		373E6BD91B1E9CA800DBD2A2 /* PBXContainerItemProxy */ = {
			isa = PBXContainerItemProxy;
			containerPortal = 373E6BB71B1E9CA700DBD2A2 /* Project object */;
			proxyType = 1;
			remoteGlobalIDString = 373E6BBE1B1E9CA700DBD2A2;
			remoteInfo = "IMAGE ANIMATION";
		};
/* End PBXContainerItemProxy section */

/* Begin PBXFileReference section */
		373E6BBF1B1E9CA700DBD2A2 /* IMAGE ANIMATION.app */ = {isa = PBXFileReference; explicitFileType = wrapper.application; includeInIndex = 0; path = "IMAGE ANIMATION.app"; sourceTree = BUILT_PRODUCTS_DIR; };
		373E6BC31B1E9CA700DBD2A2 /* Info.plist */ = {isa = PBXFileReference; lastKnownFileType = text.plist.xml; path = Info.plist; sourceTree = "<group>"; };
		373E6BC41B1E9CA700DBD2A2 /* main.m */ = {isa = PBXFileReference; lastKnownFileType = sourcecode.c.objc; path = main.m; sourceTree = "<group>"; };
		373E6BC61B1E9CA700DBD2A2 /* AppDelegate.h */ = {isa = PBXFileReference; lastKnownFileType = sourcecode.c.h; path = AppDelegate.h; sourceTree = "<group>"; };
		373E6BC71B1E9CA700DBD2A2 /* AppDelegate.m */ = {isa = PBXFileReference; lastKnownFileType = sourcecode.c.objc; path = AppDelegate.m; sourceTree = "<group>"; };
		373E6BC91B1E9CA700DBD2A2 /* ViewController.h */ = {isa = PBXFileReference; lastKnownFileType = sourcecode.c.h; path = ViewController.h; sourceTree = "<group>"; };
		373E6BCA1B1E9CA700DBD2A2 /* ViewController.m */ = {isa = PBXFileReference; lastKnownFileType = sourcecode.c.objc; path = ViewController.m; sourceTree = "<group>"; };
		373E6BCD1B1E9CA700DBD2A2 /* Base */ = {isa = PBXFileReference; lastKnownFileType = file.storyboard; name = Base; path = Base.lproj/Main.storyboard; sourceTree = "<group>"; };
		373E6BCF1B1E9CA800DBD2A2 /* Images.xcassets */ = {isa = PBXFileReference; lastKnownFileType = folder.assetcatalog; path = Images.xcassets; sourceTree = "<group>"; };
		373E6BD21B1E9CA800DBD2A2 /* Base */ = {isa = PBXFileReference; lastKnownFileType = file.xib; name = Base; path = Base.lproj/LaunchScreen.xib; sourceTree = "<group>"; };
		373E6BD81B1E9CA800DBD2A2 /* IMAGE ANIMATIONTests.xctest */ = {isa = PBXFileReference; explicitFileType = wrapper.cfbundle; includeInIndex = 0; path = "IMAGE ANIMATIONTests.xctest"; sourceTree = BUILT_PRODUCTS_DIR; };
		373E6BDD1B1E9CA800DBD2A2 /* Info.plist */ = {isa = PBXFileReference; lastKnownFileType = text.plist.xml; path = Info.plist; sourceTree = "<group>"; };
		373E6BDE1B1E9CA800DBD2A2 /* IMAGE_ANIMATIONTests.m */ = {isa = PBXFileReference; lastKnownFileType = sourcecode.c.objc; path = IMAGE_ANIMATIONTests.m; sourceTree = "<group>"; };
/* End PBXFileReference section */

/* Begin PBXFrameworksBuildPhase section */
		373E6BBC1B1E9CA700DBD2A2 /* Frameworks */ = {
			isa = PBXFrameworksBuildPhase;
			buildActionMask = 2147483647;
			files = (
			);
			runOnlyForDeploymentPostprocessing = 0;
		};
		373E6BD51B1E9CA800DBD2A2 /* Frameworks */ = {
			isa = PBXFrameworksBuildPhase;
			buildActionMask = 2147483647;
			files = (
			);
			runOnlyForDeploymentPostprocessing = 0;
		};
/* End PBXFrameworksBuildPhase section */

/* Begin PBXGroup section */
		373E6BB61B1E9CA700DBD2A2 = {
			isa = PBXGroup;
			children = (
				373E6BC11B1E9CA700DBD2A2 /* IMAGE ANIMATION */,
				373E6BDB1B1E9CA800DBD2A2 /* IMAGE ANIMATIONTests */,
				373E6BC01B1E9CA700DBD2A2 /* Products */,
			);
			sourceTree = "<group>";
		};
		373E6BC01B1E9CA700DBD2A2 /* Products */ = {
			isa = PBXGroup;
			children = (
				373E6BBF1B1E9CA700DBD2A2 /* IMAGE ANIMATION.app */,
				373E6BD81B1E9CA800DBD2A2 /* IMAGE ANIMATIONTests.xctest */,
			);
			name = Products;
			sourceTree = "<group>";
		};
		373E6BC11B1E9CA700DBD2A2 /* IMAGE ANIMATION */ = {
			isa = PBXGroup;
			children = (
				373E6BC61B1E9CA700DBD2A2 /* AppDelegate.h */,
				373E6BC71B1E9CA700DBD2A2 /* AppDelegate.m */,
				373E6BC91B1E9CA700DBD2A2 /* ViewController.h */,
				373E6BCA1B1E9CA700DBD2A2 /* ViewController.m */,
				373E6BCC1B1E9CA700DBD2A2 /* Main.storyboard */,
				373E6BCF1B1E9CA800DBD2A2 /* Images.xcassets */,
				373E6BD11B1E9CA800DBD2A2 /* LaunchScreen.xib */,
				373E6BC21B1E9CA700DBD2A2 /* Supporting Files */,
			);
			path = "IMAGE ANIMATION";
			sourceTree = "<group>";
		};
		373E6BC21B1E9CA700DBD2A2 /* Supporting Files */ = {
			isa = PBXGroup;
			children = (
				373E6BC31B1E9CA700DBD2A2 /* Info.plist */,
				373E6BC41B1E9CA700DBD2A2 /* main.m */,
			);
			name = "Supporting Files";
			sourceTree = "<group>";
		};
		373E6BDB1B1E9CA800DBD2A2 /* IMAGE ANIMATIONTests */ = {
			isa = PBXGroup;
			children = (
				373E6BDE1B1E9CA800DBD2A2 /* IMAGE_ANIMATIONTests.m */,
				373E6BDC1B1E9CA800DBD2A2 /* Supporting Files */,
			);
			path = "IMAGE ANIMATIONTests";
			sourceTree = "<group>";
		};
		373E6BDC1B1E9CA800DBD2A2 /* Supporting Files */ = {
			isa = PBXGroup;
			children = (
				373E6BDD1B1E9CA800DBD2A2 /* Info.plist */,
			);
			name = "Supporting Files";
			sourceTree = "<group>";
		};
/* End PBXGroup section */

/* Begin PBXNativeTarget section */
		373E6BBE1B1E9CA700DBD2A2 /* IMAGE ANIMATION */ = {
			isa = PBXNativeTarget;
			buildConfigurationList = 373E6BE21B1E9CA800DBD2A2 /* Build configuration list for PBXNativeTarget "IMAGE ANIMATION" */;
			buildPhases = (
				373E6BBB1B1E9CA700DBD2A2 /* Sources */,
				373E6BBC1B1E9CA700DBD2A2 /* Frameworks */,
				373E6BBD1B1E9CA700DBD2A2 /* Resources */,
			);
			buildRules = (
			);
			dependencies = (
			);
			name = "IMAGE ANIMATION";
			productName = "IMAGE ANIMATION";
			productReference = 373E6BBF1B1E9CA700DBD2A2 /* IMAGE ANIMATION.app */;
			productType = "com.apple.product-type.application";
		};
		373E6BD71B1E9CA800DBD2A2 /* IMAGE ANIMATIONTests */ = {
			isa = PBXNativeTarget;
			buildConfigurationList = 373E6BE51B1E9CA800DBD2A2 /* Build configuration list for PBXNativeTarget "IMAGE ANIMATIONTests" */;
			buildPhases = (
				373E6BD41B1E9CA800DBD2A2 /* Sources */,
				373E6BD51B1E9CA800DBD2A2 /* Frameworks */,
				373E6BD61B1E9CA800DBD2A2 /* Resources */,
			);
			buildRules = (
			);
			dependencies = (
				373E6BDA1B1E9CA800DBD2A2 /* PBXTargetDependency */,
			);
			name = "IMAGE ANIMATIONTests";
			productName = "IMAGE ANIMATIONTests";
			productReference = 373E6BD81B1E9CA800DBD2A2 /* IMAGE ANIMATIONTests.xctest */;
			productType = "com.apple.product-type.bundle.unit-test";
		};
/* End PBXNativeTarget section */

/* Begin PBXProject section */
		373E6BB71B1E9CA700DBD2A2 /* Project object */ = {
			isa = PBXProject;
			attributes = {
				LastUpgradeCheck = 0630;
				ORGANIZATIONNAME = KAT;
				TargetAttributes = {
					373E6BBE1B1E9CA700DBD2A2 = {
						CreatedOnToolsVersion = 6.3.2;
					};
					373E6BD71B1E9CA800DBD2A2 = {
						CreatedOnToolsVersion = 6.3.2;
						TestTargetID = 373E6BBE1B1E9CA700DBD2A2;
					};
				};
			};
			buildConfigurationList = 373E6BBA1B1E9CA700DBD2A2 /* Build configuration list for PBXProject "IMAGE ANIMATION" */;
			compatibilityVersion = "Xcode 3.2";
			developmentRegion = English;
			hasScannedForEncodings = 0;
			knownRegions = (
				en,
				Base,
			);
			mainGroup = 373E6BB61B1E9CA700DBD2A2;
			productRefGroup = 373E6BC01B1E9CA700DBD2A2 /* Products */;
			projectDirPath = "";
			projectRoot = "";
			targets = (
				373E6BBE1B1E9CA700DBD2A2 /* IMAGE ANIMATION */,
				373E6BD71B1E9CA800DBD2A2 /* IMAGE ANIMATIONTests */,
			);
		};
/* End PBXProject section */

/* Begin PBXResourcesBuildPhase section */
		373E6BBD1B1E9CA700DBD2A2 /* Resources */ = {
			isa = PBXResourcesBuildPhase;
			buildActionMask = 2147483647;
			files = (
				373E6BCE1B1E9CA800DBD2A2 /* Main.storyboard in Resources */,
				373E6BD31B1E9CA800DBD2A2 /* LaunchScreen.xib in Resources */,
				373E6BD01B1E9CA800DBD2A2 /* Images.xcassets in Resources */,
			);
			runOnlyForDeploymentPostprocessing = 0;
		};
		373E6BD61B1E9CA800DBD2A2 /* Resources */ = {
			isa = PBXResourcesBuildPhase;
			buildActionMask = 2147483647;
			files = (
			);
			runOnlyForDeploymentPostprocessing = 0;
		};
/* End PBXResourcesBuildPhase section */

/* Begin PBXSourcesBuildPhase section */
		373E6BBB1B1E9CA700DBD2A2 /* Sources */ = {
			isa = PBXSourcesBuildPhase;
			buildActionMask = 2147483647;
			files = (
				373E6BCB1B1E9CA700DBD2A2 /* ViewController.m in Sources */,
				373E6BC81B1E9CA700DBD2A2 /* AppDelegate.m in Sources */,
				373E6BC51B1E9CA700DBD2A2 /* main.m in Sources */,
			);
			runOnlyForDeploymentPostprocessing = 0;
		};
		373E6BD41B1E9CA800DBD2A2 /* Sources */ = {
			isa = PBXSourcesBuildPhase;
			buildActionMask = 2147483647;
			files = (
				373E6BDF1B1E9CA800DBD2A2 /* IMAGE_ANIMATIONTests.m in Sources */,
			);
			runOnlyForDeploymentPostprocessing = 0;
		};
/* End PBXSourcesBuildPhase section */

/* Begin PBXTargetDependency section */
		373E6BDA1B1E9CA800DBD2A2 /* PBXTargetDependency */ = {
			isa = PBXTargetDependency;
			target = 373E6BBE1B1E9CA700DBD2A2 /* IMAGE ANIMATION */;
			targetProxy = 373E6BD91B1E9CA800DBD2A2 /* PBXContainerItemProxy */;
		};
/* End PBXTargetDependency section */

/* Begin PBXVariantGroup section */
		373E6BCC1B1E9CA700DBD2A2 /* Main.storyboard */ = {
			isa = PBXVariantGroup;
			children = (
				373E6BCD1B1E9CA700DBD2A2 /* Base */,
			);
			name = Main.storyboard;
			sourceTree = "<group>";
		};
		373E6BD11B1E9CA800DBD2A2 /* LaunchScreen.xib */ = {
			isa = PBXVariantGroup;
			children = (
				373E6BD21B1E9CA800DBD2A2 /* Base */,
			);
			name = LaunchScreen.xib;
			sourceTree = "<group>";
		};
/* End PBXVariantGroup section */

/* Begin XCBuildConfiguration section */
		373E6BE01B1E9CA800DBD2A2 /* Debug */ = {
			isa = XCBuildConfiguration;
			buildSettings = {
				ALWAYS_SEARCH_USER_PATHS = NO;
				CLANG_CXX_LANGUAGE_STANDARD = "gnu++0x";
				CLANG_CXX_LIBRARY = "libc++";
				CLANG_ENABLE_MODULES = YES;
				CLANG_ENABLE_OBJC_ARC = YES;
				CLANG_WARN_BOOL_CONVERSION = YES;
				CLANG_WARN_CONSTANT_CONVERSION = YES;
				CLANG_WARN_DIRECT_OBJC_ISA_USAGE = YES_ERROR;
				CLANG_WARN_EMPTY_BODY = YES;
				CLANG_WARN_ENUM_CONVERSION = YES;
				CLANG_WARN_INT_CONVERSION = YES;
				CLANG_WARN_OBJC_ROOT_CLASS = YES_ERROR;
				CLANG_WARN_UNREACHABLE_CODE = YES;
				CLANG_WARN__DUPLICATE_METHOD_MATCH = YES;
				"CODE_SIGN_IDENTITY[sdk=iphoneos*]" = "iPhone Developer";
				COPY_PHASE_STRIP = NO;
				DEBUG_INFORMATION_FORMAT = "dwarf-with-dsym";
				ENABLE_STRICT_OBJC_MSGSEND = YES;
				GCC_C_LANGUAGE_STANDARD = gnu99;
				GCC_DYNAMIC_NO_PIC = NO;
				GCC_NO_COMMON_BLOCKS = YES;
				GCC_OPTIMIZATION_LEVEL = 0;
				GCC_PREPROCESSOR_DEFINITIONS = (
					"DEBUG=1",
					"$(inherited)",
				);
				GCC_SYMBOLS_PRIVATE_EXTERN = NO;
				GCC_WARN_64_TO_32_BIT_CONVERSION = YES;
				GCC_WARN_ABOUT_RETURN_TYPE = YES_ERROR;
				GCC_WARN_UNDECLARED_SELECTOR = YES;
				GCC_WARN_UNINITIALIZED_AUTOS = YES_AGGRESSIVE;
				GCC_WARN_UNUSED_FUNCTION = YES;
				GCC_WARN_UNUSED_VARIABLE = YES;
				IPHONEOS_DEPLOYMENT_TARGET = 8.3;
				MTL_ENABLE_DEBUG_INFO = YES;
				ONLY_ACTIVE_ARCH = YES;
				SDKROOT = iphoneos;
			};
			name = Debug;
		};
		373E6BE11B1E9CA800DBD2A2 /* Release */ = {
			isa = XCBuildConfiguration;
			buildSettings = {
				ALWAYS_SEARCH_USER_PATHS = NO;
				CLANG_CXX_LANGUAGE_STANDARD = "gnu++0x";
				CLANG_CXX_LIBRARY = "libc++";
				CLANG_ENABLE_MODULES = YES;
				CLANG_ENABLE_OBJC_ARC = YES;
				CLANG_WARN_BOOL_CONVERSION = YES;
				CLANG_WARN_CONSTANT_CONVERSION = YES;
				CLANG_WARN_DIRECT_OBJC_ISA_USAGE = YES_ERROR;
				CLANG_WARN_EMPTY_BODY = YES;
				CLANG_WARN_ENUM_CONVERSION = YES;
				CLANG_WARN_INT_CONVERSION = YES;
				CLANG_WARN_OBJC_ROOT_CLASS = YES_ERROR;
				CLANG_WARN_UNREACHABLE_CODE = YES;
				CLANG_WARN__DUPLICATE_METHOD_MATCH = YES;
				"CODE_SIGN_IDENTITY[sdk=iphoneos*]" = "iPhone Developer";
				COPY_PHASE_STRIP = NO;
				DEBUG_INFORMATION_FORMAT = "dwarf-with-dsym";
				ENABLE_NS_ASSERTIONS = NO;
				ENABLE_STRICT_OBJC_MSGSEND = YES;
				GCC_C_LANGUAGE_STANDARD = gnu99;
				GCC_NO_COMMON_BLOCKS = YES;
				GCC_WARN_64_TO_32_BIT_CONVERSION = YES;
				GCC_WARN_ABOUT_RETURN_TYPE = YES_ERROR;
				GCC_WARN_UNDECLARED_SELECTOR = YES;
				GCC_WARN_UNINITIALIZED_AUTOS = YES_AGGRESSIVE;
				GCC_WARN_UNUSED_FUNCTION = YES;
				GCC_WARN_UNUSED_VARIABLE = YES;
				IPHONEOS_DEPLOYMENT_TARGET = 8.3;
				MTL_ENABLE_DEBUG_INFO = NO;
				SDKROOT = iphoneos;
				VALIDATE_PRODUCT = YES;
			};
			name = Release;
		};
		373E6BE31B1E9CA800DBD2A2 /* Debug */ = {
			isa = XCBuildConfiguration;
			buildSettings = {
				ASSETCATALOG_COMPILER_APPICON_NAME = AppIcon;
				INFOPLIST_FILE = "IMAGE ANIMATION/Info.plist";
				LD_RUNPATH_SEARCH_PATHS = "$(inherited) @executable_path/Frameworks";
				PRODUCT_NAME = "$(TARGET_NAME)";
			};
			name = Debug;
		};
		373E6BE41B1E9CA800DBD2A2 /* Release */ = {
			isa = XCBuildConfiguration;
			buildSettings = {
				ASSETCATALOG_COMPILER_APPICON_NAME = AppIcon;
				INFOPLIST_FILE = "IMAGE ANIMATION/Info.plist";
				LD_RUNPATH_SEARCH_PATHS = "$(inherited) @executable_path/Frameworks";
				PRODUCT_NAME = "$(TARGET_NAME)";
			};
			name = Release;
		};
		373E6BE61B1E9CA800DBD2A2 /* Debug */ = {
			isa = XCBuildConfiguration;
			buildSettings = {
				BUNDLE_LOADER = "$(TEST_HOST)";
				FRAMEWORK_SEARCH_PATHS = (
					"$(SDKROOT)/Developer/Library/Frameworks",
					"$(inherited)",
				);
				GCC_PREPROCESSOR_DEFINITIONS = (
					"DEBUG=1",
					"$(inherited)",
				);
				INFOPLIST_FILE = "IMAGE ANIMATIONTests/Info.plist";
				LD_RUNPATH_SEARCH_PATHS = "$(inherited) @executable_path/Frameworks @loader_path/Frameworks";
				PRODUCT_NAME = "$(TARGET_NAME)";
				TEST_HOST = "$(BUILT_PRODUCTS_DIR)/IMAGE ANIMATION.app/IMAGE ANIMATION";
			};
			name = Debug;
		};
		373E6BE71B1E9CA800DBD2A2 /* Release */ = {
			isa = XCBuildConfiguration;
			buildSettings = {
				BUNDLE_LOADER = "$(TEST_HOST)";
				FRAMEWORK_SEARCH_PATHS = (
					"$(SDKROOT)/Developer/Library/Frameworks",
					"$(inherited)",
				);
				INFOPLIST_FILE = "IMAGE ANIMATIONTests/Info.plist";
				LD_RUNPATH_SEARCH_PATHS = "$(inherited) @executable_path/Frameworks @loader_path/Frameworks";
				PRODUCT_NAME = "$(TARGET_NAME)";
				TEST_HOST = "$(BUILT_PRODUCTS_DIR)/IMAGE ANIMATION.app/IMAGE ANIMATION";
			};
			name = Release;
		};
/* End XCBuildConfiguration section */

/* Begin XCConfigurationList section */
		373E6BBA1B1E9CA700DBD2A2 /* Build configuration list for PBXProject "IMAGE ANIMATION" */ = {
			isa = XCConfigurationList;
			buildConfigurations = (
				373E6BE01B1E9CA800DBD2A2 /* Debug */,
				373E6BE11B1E9CA800DBD2A2 /* Release */,
			);
			defaultConfigurationIsVisible = 0;
			defaultConfigurationName = Release;
		};
		373E6BE21B1E9CA800DBD2A2 /* Build configuration list for PBXNativeTarget "IMAGE ANIMATION" */ = {
			isa = XCConfigurationList;
			buildConfigurations = (
				373E6BE31B1E9CA800DBD2A2 /* Debug */,
				373E6BE41B1E9CA800DBD2A2 /* Release */,
			);
			defaultConfigurationIsVisible = 0;
		};
		373E6BE51B1E9CA800DBD2A2 /* Build configuration list for PBXNativeTarget "IMAGE ANIMATIONTests" */ = {
			isa = XCConfigurationList;
			buildConfigurations = (
				373E6BE61B1E9CA800DBD2A2 /* Debug */,
				373E6BE71B1E9CA800DBD2A2 /* Release */,
			);
			defaultConfigurationIsVisible = 0;
		};
/* End XCConfigurationList section */
	};
	rootObject = 373E6BB71B1E9CA700DBD2A2 /* Project object */;
}
